{
  "originHash" : "8612e8ed56c3abf34b4abffce27a6dc0a722b12cf4f38dc34e99c51324da1cad",
  "pins" : [
    {
      "identity" : "paginatedrestclient",
      "kind" : "remoteSourceControl",
      "location" : "https://github.com/adamtheturtle/PaginatedRESTClient.git",
      "state" : {
        "revision" : "57b66740cb4db23cc2441b96e8e4104b9d5a016e",
        "version" : "0.4.0"
      }
    }
  ],
  "version" : 3
}
