{
  "originHash" : "8612e8ed56c3abf34b4abffce27a6dc0a722b12cf4f38dc34e99c51324da1cad",
  "pins" : [
    {
      "identity" : "paginatedrestclient",
      "kind" : "remoteSourceControl",
      "location" : "https://github.com/adamtheturtle/PaginatedRESTClient.git",
      "state" : {
        "revision" : "5a98c0b23073c81ccf3b28e4b8d0d7f33d302519",
        "version" : "0.2.0"
      }
    }
  ],
  "version" : 3
}
